
Microsoft Visual Studio Solution File, Format Version 12.00
# Visual Studio 14
VisualStudioVersion = 14.0.24720.0
MinimumVisualStudioVersion = 10.0.40219.1
Project("{8BB2217D-0F2D-49D1-97BC-3654ED321F3B}") = "React-Template", "React-Template\React-Template.xproj", "{63337ABC-DA0D-4689-8602-F873283BAB03}"
EndProject
Global
	GlobalSection(SolutionConfigurationPlatforms) = preSolution
		Debug|Any CPU = Debug|Any CPU
		Release|Any CPU = Release|Any CPU
	EndGlobalSection
	GlobalSection(ProjectConfigurationPlatforms) = postSolution
		{63337ABC-DA0D-4689-8602-F873283BAB03}.Debug|Any CPU.ActiveCfg = Debug|Any CPU
		{63337ABC-DA0D-4689-8602-F873283BAB03}.Debug|Any CPU.Build.0 = Debug|Any CPU
		{63337ABC-DA0D-4689-8602-F873283BAB03}.Release|Any CPU.ActiveCfg = Release|Any CPU
		{63337ABC-DA0D-4689-8602-F873283BAB03}.Release|Any CPU.Build.0 = Release|Any CPU
	EndGlobalSection
	GlobalSection(SolutionProperties) = preSolution
		HideSolutionNode = FALSE
	EndGlobalSection
EndGlobal
